{
  "nodes": {
    "nixpkgs": {
      "locked": {
        "lastModified": 1784783405,
        "narHash": "sha256-4IHyyLgLBdKefkljdKod4IMn023pQiDXAWJA187cmdY=",
        "owner": "nixos",
        "repo": "nixpkgs",
        "rev": "7525d999cd850b9a488817abc89c75dc733acf17",
        "type": "github"
      },
      "original": {
        "owner": "nixos",
        "ref": "nixpkgs-unstable",
        "repo": "nixpkgs",
        "type": "github"
      }
    },
    "nvim-treesitter": {
      "flake": false,
      "locked": {
        "lastModified": 1784837157,
        "narHash": "sha256-XKCoNGwyDb8U+DnPS3mR/3AA1pRwvmmrRx+NruP+FPE=",
        "owner": "nvim-treesitter",
        "repo": "nvim-treesitter",
        "rev": "bd41519ff7901da11ba6e1c8f419f17f2d94305a",
        "type": "github"
      },
      "original": {
        "owner": "nvim-treesitter",
        "repo": "nvim-treesitter",
        "type": "github"
      }
    },
    "root": {
      "inputs": {
        "nixpkgs": "nixpkgs",
        "nvim-treesitter": "nvim-treesitter"
      }
    }
  },
  "root": "root",
  "version": 7
}
